// !$*UTF8*$!
{
	archiveVersion = 1;
	classes = {
	};
	objectVersion = 46;
	objects = {

/* Begin PBXBuildFile section */
		BC254E3D139188C9003C0382 /* 103-map.png in Resources */ = {isa = PBXBuildFile; fileRef = BC254E3C139188C9003C0382 /* 103-map.png */; };
		BC3249D7135E77CB004FF9C3 /* FifthView.m in Sources */ = {isa = PBXBuildFile; fileRef = BC3249D5135E77CB004FF9C3 /* FifthView.m */; };
		BC3249D8135E77CB004FF9C3 /* FifthView.xib in Resources */ = {isa = PBXBuildFile; fileRef = BC3249D6135E77CB004FF9C3 /* FifthView.xib */; };
		BC4A630D1364F762001792D2 /* ForthView2.m in Sources */ = {isa = PBXBuildFile; fileRef = BC4A630B1364F762001792D2 /* ForthView2.m */; };
		BC4A630E1364F762001792D2 /* ForthView2.xib in Resources */ = {isa = PBXBuildFile; fileRef = BC4A630C1364F762001792D2 /* ForthView2.xib */; };
		BC4C159F135D2E2D00681AE2 /* UIKit.framework in Frameworks */ = {isa = PBXBuildFile; fileRef = BC4C159E135D2E2D00681AE2 /* UIKit.framework */; };
		BC4C15A1135D2E2D00681AE2 /* Foundation.framework in Frameworks */ = {isa = PBXBuildFile; fileRef = BC4C15A0135D2E2D00681AE2 /* Foundation.framework */; };
		BC4C15A3135D2E2D00681AE2 /* CoreGraphics.framework in Frameworks */ = {isa = PBXBuildFile; fileRef = BC4C15A2135D2E2D00681AE2 /* CoreGraphics.framework */; };
		BC4C15A9135D2E2D00681AE2 /* InfoPlist.strings in Resources */ = {isa = PBXBuildFile; fileRef = BC4C15A7135D2E2D00681AE2 /* InfoPlist.strings */; };
		BC4C15AC135D2E2D00681AE2 /* main.m in Sources */ = {isa = PBXBuildFile; fileRef = BC4C15AB135D2E2D00681AE2 /* main.m */; };
		BC4C15AF135D2E2D00681AE2 /* RPGRefrenceAppDelegate.m in Sources */ = {isa = PBXBuildFile; fileRef = BC4C15AE135D2E2D00681AE2 /* RPGRefrenceAppDelegate.m */; };
		BC4C15B2135D2E2D00681AE2 /* MainWindow.xib in Resources */ = {isa = PBXBuildFile; fileRef = BC4C15B0135D2E2D00681AE2 /* MainWindow.xib */; };
		BC4C15B5135D2E2D00681AE2 /* FirstViewController.m in Sources */ = {isa = PBXBuildFile; fileRef = BC4C15B4135D2E2D00681AE2 /* FirstViewController.m */; };
		BC4C15B8135D2E2D00681AE2 /* SecondViewController.m in Sources */ = {isa = PBXBuildFile; fileRef = BC4C15B7135D2E2D00681AE2 /* SecondViewController.m */; };
		BC4C15BE135D2E2D00681AE2 /* SecondView.xib in Resources */ = {isa = PBXBuildFile; fileRef = BC4C15BC135D2E2D00681AE2 /* SecondView.xib */; };
		BC5E76D7135D2ECF00FA6BDD /* ThirdView.m in Sources */ = {isa = PBXBuildFile; fileRef = BC5E76D5135D2ECF00FA6BDD /* ThirdView.m */; };
		BC5E76DF135D2F4E00FA6BDD /* 33-cabinet.png in Resources */ = {isa = PBXBuildFile; fileRef = BC5E76DB135D2F4E00FA6BDD /* 33-cabinet.png */; };
		BC5E76E0135D2F4E00FA6BDD /* 44-shoebox.png in Resources */ = {isa = PBXBuildFile; fileRef = BC5E76DC135D2F4E00FA6BDD /* 44-shoebox.png */; };
		BC5E76E1135D2F4E00FA6BDD /* 111-user.png in Resources */ = {isa = PBXBuildFile; fileRef = BC5E76DD135D2F4E00FA6BDD /* 111-user.png */; };
		BC5E76E2135D2F4E00FA6BDD /* 158-wrench-2.png in Resources */ = {isa = PBXBuildFile; fileRef = BC5E76DE135D2F4E00FA6BDD /* 158-wrench-2.png */; };
		BC5E76E4135D2F9F00FA6BDD /* 179-notepad.png in Resources */ = {isa = PBXBuildFile; fileRef = BC5E76E3135D2F9F00FA6BDD /* 179-notepad.png */; };
		BC5E76E6135D2FC000FA6BDD /* 130-dice.png in Resources */ = {isa = PBXBuildFile; fileRef = BC5E76E5135D2FC000FA6BDD /* 130-dice.png */; };
		BC5E76EA135D319500FA6BDD /* ForthView.m in Sources */ = {isa = PBXBuildFile; fileRef = BC5E76E8135D319500FA6BDD /* ForthView.m */; };
		BC5E76EB135D319500FA6BDD /* ForthView.xib in Resources */ = {isa = PBXBuildFile; fileRef = BC5E76E9135D319500FA6BDD /* ForthView.xib */; };
		BC85E80F13A17C9600C74D2A /* ThirdView.xib in Resources */ = {isa = PBXBuildFile; fileRef = BC85E80E13A17C9600C74D2A /* ThirdView.xib */; };
		BC85E81713A2BAB900C74D2A /* SixthView.m in Sources */ = {isa = PBXBuildFile; fileRef = BC85E81513A2BAB800C74D2A /* SixthView.m */; };
		BCD132ED1399924C00D7B6F4 /* ddTreasure.plist in Resources */ = {isa = PBXBuildFile; fileRef = BCD132EC1399924C00D7B6F4 /* ddTreasure.plist */; };
		BCE093AD13C6070400EBCCC2 /* SixthView.xib in Resources */ = {isa = PBXBuildFile; fileRef = BCE093AC13C6070400EBCCC2 /* SixthView.xib */; };
/* End PBXBuildFile section */

/* Begin PBXFileReference section */
		BC254E3C139188C9003C0382 /* 103-map.png */ = {isa = PBXFileReference; lastKnownFileType = image.png; path = "103-map.png"; sourceTree = "<group>"; };
		BC3249D4135E77CB004FF9C3 /* FifthView.h */ = {isa = PBXFileReference; fileEncoding = 4; lastKnownFileType = sourcecode.c.h; path = FifthView.h; sourceTree = "<group>"; };
		BC3249D5135E77CB004FF9C3 /* FifthView.m */ = {isa = PBXFileReference; fileEncoding = 4; lastKnownFileType = sourcecode.c.objc; path = FifthView.m; sourceTree = "<group>"; };
		BC3249D6135E77CB004FF9C3 /* FifthView.xib */ = {isa = PBXFileReference; fileEncoding = 4; lastKnownFileType = file.xib; path = FifthView.xib; sourceTree = "<group>"; };
		BC4A630A1364F761001792D2 /* ForthView2.h */ = {isa = PBXFileReference; fileEncoding = 4; lastKnownFileType = sourcecode.c.h; path = ForthView2.h; sourceTree = "<group>"; };
		BC4A630B1364F762001792D2 /* ForthView2.m */ = {isa = PBXFileReference; fileEncoding = 4; lastKnownFileType = sourcecode.c.objc; path = ForthView2.m; sourceTree = "<group>"; };
		BC4A630C1364F762001792D2 /* ForthView2.xib */ = {isa = PBXFileReference; fileEncoding = 4; lastKnownFileType = file.xib; path = ForthView2.xib; sourceTree = "<group>"; };
		BC4C159A135D2E2D00681AE2 /* RPGRefrence.app */ = {isa = PBXFileReference; explicitFileType = wrapper.application; includeInIndex = 0; path = RPGRefrence.app; sourceTree = BUILT_PRODUCTS_DIR; };
		BC4C159E135D2E2D00681AE2 /* UIKit.framework */ = {isa = PBXFileReference; lastKnownFileType = wrapper.framework; name = UIKit.framework; path = System/Library/Frameworks/UIKit.framework; sourceTree = SDKROOT; };
		BC4C15A0135D2E2D00681AE2 /* Foundation.framework */ = {isa = PBXFileReference; lastKnownFileType = wrapper.framework; name = Foundation.framework; path = System/Library/Frameworks/Foundation.framework; sourceTree = SDKROOT; };
		BC4C15A2135D2E2D00681AE2 /* CoreGraphics.framework */ = {isa = PBXFileReference; lastKnownFileType = wrapper.framework; name = CoreGraphics.framework; path = System/Library/Frameworks/CoreGraphics.framework; sourceTree = SDKROOT; };
		BC4C15A6135D2E2D00681AE2 /* RPGRefrence-Info.plist */ = {isa = PBXFileReference; lastKnownFileType = text.plist.xml; path = "RPGRefrence-Info.plist"; sourceTree = "<group>"; };
		BC4C15A8135D2E2D00681AE2 /* en */ = {isa = PBXFileReference; lastKnownFileType = text.plist.strings; name = en; path = en.lproj/InfoPlist.strings; sourceTree = "<group>"; };
		BC4C15AA135D2E2D00681AE2 /* RPGRefrence-Prefix.pch */ = {isa = PBXFileReference; lastKnownFileType = sourcecode.c.h; path = "RPGRefrence-Prefix.pch"; sourceTree = "<group>"; };
		BC4C15AB135D2E2D00681AE2 /* main.m */ = {isa = PBXFileReference; lastKnownFileType = sourcecode.c.objc; path = main.m; sourceTree = "<group>"; };
		BC4C15AD135D2E2D00681AE2 /* RPGRefrenceAppDelegate.h */ = {isa = PBXFileReference; lastKnownFileType = sourcecode.c.h; path = RPGRefrenceAppDelegate.h; sourceTree = "<group>"; };
		BC4C15AE135D2E2D00681AE2 /* RPGRefrenceAppDelegate.m */ = {isa = PBXFileReference; lastKnownFileType = sourcecode.c.objc; path = RPGRefrenceAppDelegate.m; sourceTree = "<group>"; };
		BC4C15B1135D2E2D00681AE2 /* en */ = {isa = PBXFileReference; lastKnownFileType = file.xib; name = en; path = en.lproj/MainWindow.xib; sourceTree = "<group>"; };
		BC4C15B3135D2E2D00681AE2 /* FirstViewController.h */ = {isa = PBXFileReference; lastKnownFileType = sourcecode.c.h; path = FirstViewController.h; sourceTree = "<group>"; };
		BC4C15B4135D2E2D00681AE2 /* FirstViewController.m */ = {isa = PBXFileReference; lastKnownFileType = sourcecode.c.objc; path = FirstViewController.m; sourceTree = "<group>"; };
		BC4C15B6135D2E2D00681AE2 /* SecondViewController.h */ = {isa = PBXFileReference; lastKnownFileType = sourcecode.c.h; path = SecondViewController.h; sourceTree = "<group>"; };
		BC4C15B7135D2E2D00681AE2 /* SecondViewController.m */ = {isa = PBXFileReference; lastKnownFileType = sourcecode.c.objc; path = SecondViewController.m; sourceTree = "<group>"; };
		BC4C15BD135D2E2D00681AE2 /* en */ = {isa = PBXFileReference; lastKnownFileType = file.xib; name = en; path = en.lproj/SecondView.xib; sourceTree = "<group>"; };
		BC5E76D4135D2ECF00FA6BDD /* ThirdView.h */ = {isa = PBXFileReference; fileEncoding = 4; lastKnownFileType = sourcecode.c.h; path = ThirdView.h; sourceTree = "<group>"; };
		BC5E76D5135D2ECF00FA6BDD /* ThirdView.m */ = {isa = PBXFileReference; fileEncoding = 4; lastKnownFileType = sourcecode.c.objc; path = ThirdView.m; sourceTree = "<group>"; };
		BC5E76DB135D2F4E00FA6BDD /* 33-cabinet.png */ = {isa = PBXFileReference; lastKnownFileType = image.png; path = "33-cabinet.png"; sourceTree = "<group>"; };
		BC5E76DC135D2F4E00FA6BDD /* 44-shoebox.png */ = {isa = PBXFileReference; lastKnownFileType = image.png; path = "44-shoebox.png"; sourceTree = "<group>"; };
		BC5E76DD135D2F4E00FA6BDD /* 111-user.png */ = {isa = PBXFileReference; lastKnownFileType = image.png; path = "111-user.png"; sourceTree = "<group>"; };
		BC5E76DE135D2F4E00FA6BDD /* 158-wrench-2.png */ = {isa = PBXFileReference; lastKnownFileType = image.png; path = "158-wrench-2.png"; sourceTree = "<group>"; };
		BC5E76E3135D2F9F00FA6BDD /* 179-notepad.png */ = {isa = PBXFileReference; lastKnownFileType = image.png; path = "179-notepad.png"; sourceTree = "<group>"; };
		BC5E76E5135D2FC000FA6BDD /* 130-dice.png */ = {isa = PBXFileReference; lastKnownFileType = image.png; path = "130-dice.png"; sourceTree = "<group>"; };
		BC5E76E7135D319500FA6BDD /* ForthView.h */ = {isa = PBXFileReference; fileEncoding = 4; lastKnownFileType = sourcecode.c.h; path = ForthView.h; sourceTree = "<group>"; };
		BC5E76E8135D319500FA6BDD /* ForthView.m */ = {isa = PBXFileReference; fileEncoding = 4; lastKnownFileType = sourcecode.c.objc; path = ForthView.m; sourceTree = "<group>"; };
		BC5E76E9135D319500FA6BDD /* ForthView.xib */ = {isa = PBXFileReference; fileEncoding = 4; lastKnownFileType = file.xib; path = ForthView.xib; sourceTree = "<group>"; };
		BC85E80E13A17C9600C74D2A /* ThirdView.xib */ = {isa = PBXFileReference; fileEncoding = 4; lastKnownFileType = file.xib; path = ThirdView.xib; sourceTree = "<group>"; };
		BC85E81413A2BAB800C74D2A /* SixthView.h */ = {isa = PBXFileReference; fileEncoding = 4; lastKnownFileType = sourcecode.c.h; path = SixthView.h; sourceTree = "<group>"; };
		BC85E81513A2BAB800C74D2A /* SixthView.m */ = {isa = PBXFileReference; fileEncoding = 4; lastKnownFileType = sourcecode.c.objc; path = SixthView.m; sourceTree = "<group>"; };
		BCD132EC1399924C00D7B6F4 /* ddTreasure.plist */ = {isa = PBXFileReference; fileEncoding = 4; lastKnownFileType = text.plist.xml; path = ddTreasure.plist; sourceTree = "<group>"; };
		BCE093AC13C6070400EBCCC2 /* SixthView.xib */ = {isa = PBXFileReference; fileEncoding = 4; lastKnownFileType = file.xib; path = SixthView.xib; sourceTree = "<group>"; };
/* End PBXFileReference section */

/* Begin PBXFrameworksBuildPhase section */
		BC4C1597135D2E2D00681AE2 /* Frameworks */ = {
			isa = PBXFrameworksBuildPhase;
			buildActionMask = 2147483647;
			files = (
				BC4C159F135D2E2D00681AE2 /* UIKit.framework in Frameworks */,
				BC4C15A1135D2E2D00681AE2 /* Foundation.framework in Frameworks */,
				BC4C15A3135D2E2D00681AE2 /* CoreGraphics.framework in Frameworks */,
			);
			runOnlyForDeploymentPostprocessing = 0;
		};
/* End PBXFrameworksBuildPhase section */

/* Begin PBXGroup section */
		BC254E4413918D18003C0382 /* SixthView(TreasureGenerator) */ = {
			isa = PBXGroup;
			children = (
				BC85E81413A2BAB800C74D2A /* SixthView.h */,
				BC85E81513A2BAB800C74D2A /* SixthView.m */,
				BCE093AC13C6070400EBCCC2 /* SixthView.xib */,
				BCD132EC1399924C00D7B6F4 /* ddTreasure.plist */,
			);
			name = "SixthView(TreasureGenerator)";
			sourceTree = "<group>";
		};
		BC3249DA135E77D0004FF9C3 /* FifthView */ = {
			isa = PBXGroup;
			children = (
				BC3249D4135E77CB004FF9C3 /* FifthView.h */,
				BC3249D5135E77CB004FF9C3 /* FifthView.m */,
				BC3249D6135E77CB004FF9C3 /* FifthView.xib */,
			);
			name = FifthView;
			sourceTree = "<group>";
		};
		BC4C158F135D2E2D00681AE2 = {
			isa = PBXGroup;
			children = (
				BC4C15A4135D2E2D00681AE2 /* RPGRefrence */,
				BC4C159D135D2E2D00681AE2 /* Frameworks */,
				BC4C159B135D2E2D00681AE2 /* Products */,
			);
			sourceTree = "<group>";
		};
		BC4C159B135D2E2D00681AE2 /* Products */ = {
			isa = PBXGroup;
			children = (
				BC4C159A135D2E2D00681AE2 /* RPGRefrence.app */,
			);
			name = Products;
			sourceTree = "<group>";
		};
		BC4C159D135D2E2D00681AE2 /* Frameworks */ = {
			isa = PBXGroup;
			children = (
				BC4C159E135D2E2D00681AE2 /* UIKit.framework */,
				BC4C15A0135D2E2D00681AE2 /* Foundation.framework */,
				BC4C15A2135D2E2D00681AE2 /* CoreGraphics.framework */,
			);
			name = Frameworks;
			sourceTree = "<group>";
		};
		BC4C15A4135D2E2D00681AE2 /* RPGRefrence */ = {
			isa = PBXGroup;
			children = (
				BC5E76DA135D2F0800FA6BDD /* Images */,
				BC4C15AE135D2E2D00681AE2 /* RPGRefrenceAppDelegate.m */,
				BC4C15AD135D2E2D00681AE2 /* RPGRefrenceAppDelegate.h */,
				BC4C15B0135D2E2D00681AE2 /* MainWindow.xib */,
				BC5E76D1135D2E9A00FA6BDD /* FirstView(Characters) */,
				BC5E76D3135D2EAD00FA6BDD /* SecondView */,
				BC5E76D9135D2ED300FA6BDD /* ThirdView */,
				BC5E76EC135D319C00FA6BDD /* ForthView */,
				BC3249DA135E77D0004FF9C3 /* FifthView */,
				BC254E4413918D18003C0382 /* SixthView(TreasureGenerator) */,
				BC4C15A5135D2E2D00681AE2 /* Supporting Files */,
			);
			path = RPGRefrence;
			sourceTree = "<group>";
		};
		BC4C15A5135D2E2D00681AE2 /* Supporting Files */ = {
			isa = PBXGroup;
			children = (
				BC4C15A6135D2E2D00681AE2 /* RPGRefrence-Info.plist */,
				BC4C15A7135D2E2D00681AE2 /* InfoPlist.strings */,
				BC4C15AA135D2E2D00681AE2 /* RPGRefrence-Prefix.pch */,
				BC4C15AB135D2E2D00681AE2 /* main.m */,
			);
			name = "Supporting Files";
			sourceTree = "<group>";
		};
		BC5E76D1135D2E9A00FA6BDD /* FirstView(Characters) */ = {
			isa = PBXGroup;
			children = (
				BC4C15B3135D2E2D00681AE2 /* FirstViewController.h */,
				BC4C15B4135D2E2D00681AE2 /* FirstViewController.m */,
			);
			name = "FirstView(Characters)";
			sourceTree = "<group>";
		};
		BC5E76D3135D2EAD00FA6BDD /* SecondView */ = {
			isa = PBXGroup;
			children = (
				BC4C15B6135D2E2D00681AE2 /* SecondViewController.h */,
				BC4C15B7135D2E2D00681AE2 /* SecondViewController.m */,
				BC4C15BC135D2E2D00681AE2 /* SecondView.xib */,
			);
			name = SecondView;
			sourceTree = "<group>";
		};
		BC5E76D9135D2ED300FA6BDD /* ThirdView */ = {
			isa = PBXGroup;
			children = (
				BC85E80E13A17C9600C74D2A /* ThirdView.xib */,
				BC5E76D4135D2ECF00FA6BDD /* ThirdView.h */,
				BC5E76D5135D2ECF00FA6BDD /* ThirdView.m */,
			);
			name = ThirdView;
			sourceTree = "<group>";
		};
		BC5E76DA135D2F0800FA6BDD /* Images */ = {
			isa = PBXGroup;
			children = (
				BC254E3C139188C9003C0382 /* 103-map.png */,
				BC5E76E5135D2FC000FA6BDD /* 130-dice.png */,
				BC5E76E3135D2F9F00FA6BDD /* 179-notepad.png */,
				BC5E76DB135D2F4E00FA6BDD /* 33-cabinet.png */,
				BC5E76DC135D2F4E00FA6BDD /* 44-shoebox.png */,
				BC5E76DD135D2F4E00FA6BDD /* 111-user.png */,
				BC5E76DE135D2F4E00FA6BDD /* 158-wrench-2.png */,
			);
			name = Images;
			sourceTree = "<group>";
		};
		BC5E76EC135D319C00FA6BDD /* ForthView */ = {
			isa = PBXGroup;
			children = (
				BC5E76E7135D319500FA6BDD /* ForthView.h */,
				BC5E76E8135D319500FA6BDD /* ForthView.m */,
				BC5E76E9135D319500FA6BDD /* ForthView.xib */,
				BC4A630B1364F762001792D2 /* ForthView2.m */,
				BC4A630A1364F761001792D2 /* ForthView2.h */,
				BC4A630C1364F762001792D2 /* ForthView2.xib */,
			);
			name = ForthView;
			sourceTree = "<group>";
		};
/* End PBXGroup section */

/* Begin PBXNativeTarget section */
		BC4C1599135D2E2D00681AE2 /* RPGRefrence */ = {
			isa = PBXNativeTarget;
			buildConfigurationList = BC4C15C1135D2E2D00681AE2 /* Build configuration list for PBXNativeTarget "RPGRefrence" */;
			buildPhases = (
				BC4C1596135D2E2D00681AE2 /* Sources */,
				BC4C1597135D2E2D00681AE2 /* Frameworks */,
				BC4C1598135D2E2D00681AE2 /* Resources */,
			);
			buildRules = (
			);
			dependencies = (
			);
			name = RPGRefrence;
			productName = RPGRefrence;
			productReference = BC4C159A135D2E2D00681AE2 /* RPGRefrence.app */;
			productType = "com.apple.product-type.application";
		};
/* End PBXNativeTarget section */

/* Begin PBXProject section */
		BC4C1591135D2E2D00681AE2 /* Project object */ = {
			isa = PBXProject;
			attributes = {
				LastUpgradeCheck = 0410;
				ORGANIZATIONNAME = none;
			};
			buildConfigurationList = BC4C1594135D2E2D00681AE2 /* Build configuration list for PBXProject "RPGRefrence" */;
			compatibilityVersion = "Xcode 3.2";
			developmentRegion = English;
			hasScannedForEncodings = 0;
			knownRegions = (
				en,
			);
			mainGroup = BC4C158F135D2E2D00681AE2;
			productRefGroup = BC4C159B135D2E2D00681AE2 /* Products */;
			projectDirPath = "";
			projectRoot = "";
			targets = (
				BC4C1599135D2E2D00681AE2 /* RPGRefrence */,
			);
		};
/* End PBXProject section */

/* Begin PBXResourcesBuildPhase section */
		BC4C1598135D2E2D00681AE2 /* Resources */ = {
			isa = PBXResourcesBuildPhase;
			buildActionMask = 2147483647;
			files = (
				BC4C15A9135D2E2D00681AE2 /* InfoPlist.strings in Resources */,
				BC4C15B2135D2E2D00681AE2 /* MainWindow.xib in Resources */,
				BC4C15BE135D2E2D00681AE2 /* SecondView.xib in Resources */,
				BC5E76DF135D2F4E00FA6BDD /* 33-cabinet.png in Resources */,
				BC5E76E0135D2F4E00FA6BDD /* 44-shoebox.png in Resources */,
				BC5E76E1135D2F4E00FA6BDD /* 111-user.png in Resources */,
				BC5E76E2135D2F4E00FA6BDD /* 158-wrench-2.png in Resources */,
				BC5E76E4135D2F9F00FA6BDD /* 179-notepad.png in Resources */,
				BC5E76E6135D2FC000FA6BDD /* 130-dice.png in Resources */,
				BC5E76EB135D319500FA6BDD /* ForthView.xib in Resources */,
				BC3249D8135E77CB004FF9C3 /* FifthView.xib in Resources */,
				BC4A630E1364F762001792D2 /* ForthView2.xib in Resources */,
				BC254E3D139188C9003C0382 /* 103-map.png in Resources */,
				BCD132ED1399924C00D7B6F4 /* ddTreasure.plist in Resources */,
				BC85E80F13A17C9600C74D2A /* ThirdView.xib in Resources */,
				BCE093AD13C6070400EBCCC2 /* SixthView.xib in Resources */,
			);
			runOnlyForDeploymentPostprocessing = 0;
		};
/* End PBXResourcesBuildPhase section */

/* Begin PBXSourcesBuildPhase section */
		BC4C1596135D2E2D00681AE2 /* Sources */ = {
			isa = PBXSourcesBuildPhase;
			buildActionMask = 2147483647;
			files = (
				BC4C15AC135D2E2D00681AE2 /* main.m in Sources */,
				BC4C15AF135D2E2D00681AE2 /* RPGRefrenceAppDelegate.m in Sources */,
				BC4C15B5135D2E2D00681AE2 /* FirstViewController.m in Sources */,
				BC4C15B8135D2E2D00681AE2 /* SecondViewController.m in Sources */,
				BC5E76D7135D2ECF00FA6BDD /* ThirdView.m in Sources */,
				BC5E76EA135D319500FA6BDD /* ForthView.m in Sources */,
				BC3249D7135E77CB004FF9C3 /* FifthView.m in Sources */,
				BC4A630D1364F762001792D2 /* ForthView2.m in Sources */,
				BC85E81713A2BAB900C74D2A /* SixthView.m in Sources */,
			);
			runOnlyForDeploymentPostprocessing = 0;
		};
/* End PBXSourcesBuildPhase section */

/* Begin PBXVariantGroup section */
		BC4C15A7135D2E2D00681AE2 /* InfoPlist.strings */ = {
			isa = PBXVariantGroup;
			children = (
				BC4C15A8135D2E2D00681AE2 /* en */,
			);
			name = InfoPlist.strings;
			sourceTree = "<group>";
		};
		BC4C15B0135D2E2D00681AE2 /* MainWindow.xib */ = {
			isa = PBXVariantGroup;
			children = (
				BC4C15B1135D2E2D00681AE2 /* en */,
			);
			name = MainWindow.xib;
			sourceTree = "<group>";
		};
		BC4C15BC135D2E2D00681AE2 /* SecondView.xib */ = {
			isa = PBXVariantGroup;
			children = (
				BC4C15BD135D2E2D00681AE2 /* en */,
			);
			name = SecondView.xib;
			sourceTree = "<group>";
		};
/* End PBXVariantGroup section */

/* Begin XCBuildConfiguration section */
		BC4C15BF135D2E2D00681AE2 /* Debug */ = {
			isa = XCBuildConfiguration;
			buildSettings = {
				ARCHS = "$(ARCHS_STANDARD_32_BIT)";
				"CODE_SIGN_IDENTITY[sdk=iphoneos*]" = "iPhone Developer";
				GCC_C_LANGUAGE_STANDARD = gnu99;
				GCC_OPTIMIZATION_LEVEL = 0;
				GCC_PREPROCESSOR_DEFINITIONS = "DEBUG=1";
				GCC_SYMBOLS_PRIVATE_EXTERN = NO;
				GCC_VERSION = com.apple.compilers.llvmgcc42;
				GCC_WARN_ABOUT_MISSING_PROTOTYPES = YES;
				GCC_WARN_ABOUT_RETURN_TYPE = YES;
				GCC_WARN_UNUSED_VARIABLE = YES;
				IPHONEOS_DEPLOYMENT_TARGET = 4.3;
				SDKROOT = iphoneos;
			};
			name = Debug;
		};
		BC4C15C0135D2E2D00681AE2 /* Release */ = {
			isa = XCBuildConfiguration;
			buildSettings = {
				ARCHS = "$(ARCHS_STANDARD_32_BIT)";
				"CODE_SIGN_IDENTITY[sdk=iphoneos*]" = "iPhone Developer";
				GCC_C_LANGUAGE_STANDARD = gnu99;
				GCC_VERSION = com.apple.compilers.llvmgcc42;
				GCC_WARN_ABOUT_MISSING_PROTOTYPES = YES;
				GCC_WARN_ABOUT_RETURN_TYPE = YES;
				GCC_WARN_UNUSED_VARIABLE = YES;
				IPHONEOS_DEPLOYMENT_TARGET = 4.3;
				OTHER_CFLAGS = "-DNS_BLOCK_ASSERTIONS=1";
				SDKROOT = iphoneos;
			};
			name = Release;
		};
		BC4C15C2135D2E2D00681AE2 /* Debug */ = {
			isa = XCBuildConfiguration;
			buildSettings = {
				ALWAYS_SEARCH_USER_PATHS = NO;
				COPY_PHASE_STRIP = NO;
				GCC_DYNAMIC_NO_PIC = NO;
				GCC_PRECOMPILE_PREFIX_HEADER = YES;
				GCC_PREFIX_HEADER = "RPGRefrence/RPGRefrence-Prefix.pch";
				INFOPLIST_FILE = "RPGRefrence/RPGRefrence-Info.plist";
				PRODUCT_NAME = "$(TARGET_NAME)";
				WRAPPER_EXTENSION = app;
			};
			name = Debug;
		};
		BC4C15C3135D2E2D00681AE2 /* Release */ = {
			isa = XCBuildConfiguration;
			buildSettings = {
				ALWAYS_SEARCH_USER_PATHS = NO;
				COPY_PHASE_STRIP = YES;
				GCC_PRECOMPILE_PREFIX_HEADER = YES;
				GCC_PREFIX_HEADER = "RPGRefrence/RPGRefrence-Prefix.pch";
				INFOPLIST_FILE = "RPGRefrence/RPGRefrence-Info.plist";
				PRODUCT_NAME = "$(TARGET_NAME)";
				VALIDATE_PRODUCT = YES;
				WRAPPER_EXTENSION = app;
			};
			name = Release;
		};
/* End XCBuildConfiguration section */

/* Begin XCConfigurationList section */
		BC4C1594135D2E2D00681AE2 /* Build configuration list for PBXProject "RPGRefrence" */ = {
			isa = XCConfigurationList;
			buildConfigurations = (
				BC4C15BF135D2E2D00681AE2 /* Debug */,
				BC4C15C0135D2E2D00681AE2 /* Release */,
			);
			defaultConfigurationIsVisible = 0;
			defaultConfigurationName = Debug;
		};
		BC4C15C1135D2E2D00681AE2 /* Build configuration list for PBXNativeTarget "RPGRefrence" */ = {
			isa = XCConfigurationList;
			buildConfigurations = (
				BC4C15C2135D2E2D00681AE2 /* Debug */,
				BC4C15C3135D2E2D00681AE2 /* Release */,
			);
			defaultConfigurationIsVisible = 0;
			defaultConfigurationName = Debug;
		};
/* End XCConfigurationList section */
	};
	rootObject = BC4C1591135D2E2D00681AE2 /* Project object */;
}
